
Microsoft Visual Studio Solution File, Format Version 12.00
# Visual Studio Version 16
VisualStudioVersion = 16.0.30413.136
MinimumVisualStudioVersion = 10.0.40219.1
Project("{9A19103F-16F7-4668-BE54-9A1E7A4F7556}") = "MovieTest", "MovieTest\MovieTest.csproj", "{3C7C14B8-5CB0-41F4-AD94-DCBF95CE2E48}"
EndProject
Project("{FAE04EC0-301F-11D3-BF4B-00C04F79EFBC}") = "DataAccess", "DataAccess\DataAccess.csproj", "{43D31506-D95E-4614-A9E9-D3CA3FE75B17}"
EndProject
Project("{FAE04EC0-301F-11D3-BF4B-00C04F79EFBC}") = "Business", "Business\Business.csproj", "{1DFBA694-4E2C-4F52-A4D7-B5E4DD0A615B}"
EndProject
Project("{FAE04EC0-301F-11D3-BF4B-00C04F79EFBC}") = "Interface", "Interface\Interface.csproj", "{FFFD110F-EA97-4394-999E-7E4D579F56C3}"
EndProject
Global
	GlobalSection(SolutionConfigurationPlatforms) = preSolution
		Debug|Any CPU = Debug|Any CPU
		Release|Any CPU = Release|Any CPU
	EndGlobalSection
	GlobalSection(ProjectConfigurationPlatforms) = postSolution
		{3C7C14B8-5CB0-41F4-AD94-DCBF95CE2E48}.Debug|Any CPU.ActiveCfg = Debug|Any CPU
		{3C7C14B8-5CB0-41F4-AD94-DCBF95CE2E48}.Debug|Any CPU.Build.0 = Debug|Any CPU
		{3C7C14B8-5CB0-41F4-AD94-DCBF95CE2E48}.Release|Any CPU.ActiveCfg = Release|Any CPU
		{3C7C14B8-5CB0-41F4-AD94-DCBF95CE2E48}.Release|Any CPU.Build.0 = Release|Any CPU
		{43D31506-D95E-4614-A9E9-D3CA3FE75B17}.Debug|Any CPU.ActiveCfg = Debug|Any CPU
		{43D31506-D95E-4614-A9E9-D3CA3FE75B17}.Debug|Any CPU.Build.0 = Debug|Any CPU
		{43D31506-D95E-4614-A9E9-D3CA3FE75B17}.Release|Any CPU.ActiveCfg = Release|Any CPU
		{43D31506-D95E-4614-A9E9-D3CA3FE75B17}.Release|Any CPU.Build.0 = Release|Any CPU
		{1DFBA694-4E2C-4F52-A4D7-B5E4DD0A615B}.Debug|Any CPU.ActiveCfg = Debug|Any CPU
		{1DFBA694-4E2C-4F52-A4D7-B5E4DD0A615B}.Debug|Any CPU.Build.0 = Debug|Any CPU
		{1DFBA694-4E2C-4F52-A4D7-B5E4DD0A615B}.Release|Any CPU.ActiveCfg = Release|Any CPU
		{1DFBA694-4E2C-4F52-A4D7-B5E4DD0A615B}.Release|Any CPU.Build.0 = Release|Any CPU
		{FFFD110F-EA97-4394-999E-7E4D579F56C3}.Debug|Any CPU.ActiveCfg = Debug|Any CPU
		{FFFD110F-EA97-4394-999E-7E4D579F56C3}.Debug|Any CPU.Build.0 = Debug|Any CPU
		{FFFD110F-EA97-4394-999E-7E4D579F56C3}.Release|Any CPU.ActiveCfg = Release|Any CPU
		{FFFD110F-EA97-4394-999E-7E4D579F56C3}.Release|Any CPU.Build.0 = Release|Any CPU
	EndGlobalSection
	GlobalSection(SolutionProperties) = preSolution
		HideSolutionNode = FALSE
	EndGlobalSection
	GlobalSection(ExtensibilityGlobals) = postSolution
		SolutionGuid = {C6B599D8-078A-4CEE-A0BF-EBD99D0E9E77}
	EndGlobalSection
EndGlobal
